// !$*UTF8*$!
{
	archiveVersion = 1;
	classes = {
	};
	objectVersion = 46;
	objects = {

/* Begin PBXBuildFile section */
		0D7F15D4EDFC43AE88023C43 /* libPods.a in Frameworks */ = {isa = PBXBuildFile; fileRef = F0127E98F1B141FCBFF9097D /* libPods.a */; };
		2C749E0F174285F7005B7844 /* UIKit.framework in Frameworks */ = {isa = PBXBuildFile; fileRef = 2C749E0E174285F7005B7844 /* UIKit.framework */; };
		2C749E11174285F7005B7844 /* Foundation.framework in Frameworks */ = {isa = PBXBuildFile; fileRef = 2C749E10174285F7005B7844 /* Foundation.framework */; };
		2C749E13174285F7005B7844 /* CoreGraphics.framework in Frameworks */ = {isa = PBXBuildFile; fileRef = 2C749E12174285F7005B7844 /* CoreGraphics.framework */; };
		2C749E15174285F7005B7844 /* CoreData.framework in Frameworks */ = {isa = PBXBuildFile; fileRef = 2C749E14174285F7005B7844 /* CoreData.framework */; };
		2C749E1B174285F7005B7844 /* InfoPlist.strings in Resources */ = {isa = PBXBuildFile; fileRef = 2C749E19174285F7005B7844 /* InfoPlist.strings */; };
		2C749E1D174285F7005B7844 /* main.m in Sources */ = {isa = PBXBuildFile; fileRef = 2C749E1C174285F7005B7844 /* main.m */; };
		2C749E21174285F7005B7844 /* STAppDelegate.m in Sources */ = {isa = PBXBuildFile; fileRef = 2C749E20174285F7005B7844 /* STAppDelegate.m */; };
		2C749E23174285F7005B7844 /* Default.png in Resources */ = {isa = PBXBuildFile; fileRef = 2C749E22174285F7005B7844 /* Default.png */; };
		2C749E25174285F7005B7844 /* Default@2x.png in Resources */ = {isa = PBXBuildFile; fileRef = 2C749E24174285F7005B7844 /* Default@2x.png */; };
		2C749E27174285F7005B7844 /* Default-568h@2x.png in Resources */ = {isa = PBXBuildFile; fileRef = 2C749E26174285F7005B7844 /* Default-568h@2x.png */; };
		2C749E45174286FE005B7844 /* STAuthBasic.m in Sources */ = {isa = PBXBuildFile; fileRef = 2C749E36174286FE005B7844 /* STAuthBasic.m */; };
		2C749E46174286FE005B7844 /* STSessionManager.m in Sources */ = {isa = PBXBuildFile; fileRef = 2C749E38174286FE005B7844 /* STSessionManager.m */; };
		2C749E47174286FE005B7844 /* STSession.m in Sources */ = {isa = PBXBuildFile; fileRef = 2C749E3A174286FE005B7844 /* STSession.m */; };
		2C749E48174286FE005B7844 /* STManagedDocument.m in Sources */ = {isa = PBXBuildFile; fileRef = 2C749E3C174286FE005B7844 /* STManagedDocument.m */; };
		2C749E49174286FE005B7844 /* STSettingsController.m in Sources */ = {isa = PBXBuildFile; fileRef = 2C749E3E174286FE005B7844 /* STSettingsController.m */; };
		2C749E4A174286FE005B7844 /* STSyncer.m in Sources */ = {isa = PBXBuildFile; fileRef = 2C749E40174286FE005B7844 /* STSyncer.m */; };
		2C749E4B174286FF005B7844 /* STLogger.m in Sources */ = {isa = PBXBuildFile; fileRef = 2C749E42174286FE005B7844 /* STLogger.m */; };
		2C749E4C174286FF005B7844 /* STTracker.m in Sources */ = {isa = PBXBuildFile; fileRef = 2C749E44174286FE005B7844 /* STTracker.m */; };
		2C749E5A1742871B005B7844 /* STDataModel.xcdatamodel in Sources */ = {isa = PBXBuildFile; fileRef = 2C749E4D1742871B005B7844 /* STDataModel.xcdatamodel */; };
		2C749E5F1742871B005B7844 /* STDatum+Init.m in Sources */ = {isa = PBXBuildFile; fileRef = 2C749E571742871B005B7844 /* STDatum+Init.m */; };
		2C749E601742871B005B7844 /* STLogMessage+dayAsString.m in Sources */ = {isa = PBXBuildFile; fileRef = 2C749E591742871B005B7844 /* STLogMessage+dayAsString.m */; };
		2C749E7A1742898D005B7844 /* CoreLocation.framework in Frameworks */ = {isa = PBXBuildFile; fileRef = 2C749E791742898D005B7844 /* CoreLocation.framework */; };
		2C749E8317436BD6005B7844 /* STBatteryTracker.m in Sources */ = {isa = PBXBuildFile; fileRef = 2C749E8217436BD6005B7844 /* STBatteryTracker.m */; };
		2C749E8917436CA7005B7844 /* STLocationTracker.m in Sources */ = {isa = PBXBuildFile; fileRef = 2C749E8817436CA7005B7844 /* STLocationTracker.m */; };
		2C7CB71E17491F2C00054E47 /* STQueue.m in Sources */ = {isa = PBXBuildFile; fileRef = 2C7CB71B17491F2C00054E47 /* STQueue.m */; };
		2C7CB71F17491F2C00054E47 /* STMovementAnalyzer.m in Sources */ = {isa = PBXBuildFile; fileRef = 2C7CB71D17491F2C00054E47 /* STMovementAnalyzer.m */; };
		2C93A5801781741B0014001B /* STLogMessage.m in Sources */ = {isa = PBXBuildFile; fileRef = 2C93A57F1781741B0014001B /* STLogMessage.m */; };
		2C93A5831781741B0014001B /* STLocation.m in Sources */ = {isa = PBXBuildFile; fileRef = 2C93A5821781741B0014001B /* STLocation.m */; };
		2C93A5861781741C0014001B /* STSettings.m in Sources */ = {isa = PBXBuildFile; fileRef = 2C93A5851781741C0014001B /* STSettings.m */; };
		2C93A5891781741C0014001B /* STComment.m in Sources */ = {isa = PBXBuildFile; fileRef = 2C93A5881781741C0014001B /* STComment.m */; };
		2C93A58C1781741C0014001B /* STBatteryStatus.m in Sources */ = {isa = PBXBuildFile; fileRef = 2C93A58B1781741C0014001B /* STBatteryStatus.m */; };
		2C93A58F1781741C0014001B /* STDatum.m in Sources */ = {isa = PBXBuildFile; fileRef = 2C93A58E1781741C0014001B /* STDatum.m */; };
/* End PBXBuildFile section */

/* Begin PBXFileReference section */
		2C749E0B174285F7005B7844 /* STManagedTracker.app */ = {isa = PBXFileReference; explicitFileType = wrapper.application; includeInIndex = 0; path = STManagedTracker.app; sourceTree = BUILT_PRODUCTS_DIR; };
		2C749E0E174285F7005B7844 /* UIKit.framework */ = {isa = PBXFileReference; lastKnownFileType = wrapper.framework; name = UIKit.framework; path = System/Library/Frameworks/UIKit.framework; sourceTree = SDKROOT; };
		2C749E10174285F7005B7844 /* Foundation.framework */ = {isa = PBXFileReference; lastKnownFileType = wrapper.framework; name = Foundation.framework; path = System/Library/Frameworks/Foundation.framework; sourceTree = SDKROOT; };
		2C749E12174285F7005B7844 /* CoreGraphics.framework */ = {isa = PBXFileReference; lastKnownFileType = wrapper.framework; name = CoreGraphics.framework; path = System/Library/Frameworks/CoreGraphics.framework; sourceTree = SDKROOT; };
		2C749E14174285F7005B7844 /* CoreData.framework */ = {isa = PBXFileReference; lastKnownFileType = wrapper.framework; name = CoreData.framework; path = System/Library/Frameworks/CoreData.framework; sourceTree = SDKROOT; };
		2C749E18174285F7005B7844 /* STManagedTracker-Info.plist */ = {isa = PBXFileReference; lastKnownFileType = text.plist.xml; path = "STManagedTracker-Info.plist"; sourceTree = "<group>"; };
		2C749E1A174285F7005B7844 /* en */ = {isa = PBXFileReference; lastKnownFileType = text.plist.strings; name = en; path = en.lproj/InfoPlist.strings; sourceTree = "<group>"; };
		2C749E1C174285F7005B7844 /* main.m */ = {isa = PBXFileReference; lastKnownFileType = sourcecode.c.objc; path = main.m; sourceTree = "<group>"; };
		2C749E1E174285F7005B7844 /* STManagedTracker-Prefix.pch */ = {isa = PBXFileReference; lastKnownFileType = sourcecode.c.h; path = "STManagedTracker-Prefix.pch"; sourceTree = "<group>"; };
		2C749E1F174285F7005B7844 /* STAppDelegate.h */ = {isa = PBXFileReference; lastKnownFileType = sourcecode.c.h; path = STAppDelegate.h; sourceTree = "<group>"; };
		2C749E20174285F7005B7844 /* STAppDelegate.m */ = {isa = PBXFileReference; lastKnownFileType = sourcecode.c.objc; path = STAppDelegate.m; sourceTree = "<group>"; };
		2C749E22174285F7005B7844 /* Default.png */ = {isa = PBXFileReference; lastKnownFileType = image.png; path = Default.png; sourceTree = "<group>"; };
		2C749E24174285F7005B7844 /* Default@2x.png */ = {isa = PBXFileReference; lastKnownFileType = image.png; path = "Default@2x.png"; sourceTree = "<group>"; };
		2C749E26174285F7005B7844 /* Default-568h@2x.png */ = {isa = PBXFileReference; lastKnownFileType = image.png; path = "Default-568h@2x.png"; sourceTree = "<group>"; };
		2C749E33174286BC005B7844 /* STRequestAuthenticatable.h */ = {isa = PBXFileReference; fileEncoding = 4; lastKnownFileType = sourcecode.c.h; path = STRequestAuthenticatable.h; sourceTree = "<group>"; };
		2C749E34174286BC005B7844 /* STSessionManagement.h */ = {isa = PBXFileReference; fileEncoding = 4; lastKnownFileType = sourcecode.c.h; path = STSessionManagement.h; sourceTree = "<group>"; };
		2C749E35174286FE005B7844 /* STAuthBasic.h */ = {isa = PBXFileReference; fileEncoding = 4; lastKnownFileType = sourcecode.c.h; path = STAuthBasic.h; sourceTree = "<group>"; };
		2C749E36174286FE005B7844 /* STAuthBasic.m */ = {isa = PBXFileReference; fileEncoding = 4; lastKnownFileType = sourcecode.c.objc; path = STAuthBasic.m; sourceTree = "<group>"; };
		2C749E37174286FE005B7844 /* STSessionManager.h */ = {isa = PBXFileReference; fileEncoding = 4; lastKnownFileType = sourcecode.c.h; path = STSessionManager.h; sourceTree = "<group>"; };
		2C749E38174286FE005B7844 /* STSessionManager.m */ = {isa = PBXFileReference; fileEncoding = 4; lastKnownFileType = sourcecode.c.objc; path = STSessionManager.m; sourceTree = "<group>"; };
		2C749E39174286FE005B7844 /* STSession.h */ = {isa = PBXFileReference; fileEncoding = 4; lastKnownFileType = sourcecode.c.h; path = STSession.h; sourceTree = "<group>"; };
		2C749E3A174286FE005B7844 /* STSession.m */ = {isa = PBXFileReference; fileEncoding = 4; lastKnownFileType = sourcecode.c.objc; path = STSession.m; sourceTree = "<group>"; };
		2C749E3B174286FE005B7844 /* STManagedDocument.h */ = {isa = PBXFileReference; fileEncoding = 4; lastKnownFileType = sourcecode.c.h; path = STManagedDocument.h; sourceTree = "<group>"; };
		2C749E3C174286FE005B7844 /* STManagedDocument.m */ = {isa = PBXFileReference; fileEncoding = 4; lastKnownFileType = sourcecode.c.objc; path = STManagedDocument.m; sourceTree = "<group>"; };
		2C749E3D174286FE005B7844 /* STSettingsController.h */ = {isa = PBXFileReference; fileEncoding = 4; lastKnownFileType = sourcecode.c.h; path = STSettingsController.h; sourceTree = "<group>"; };
		2C749E3E174286FE005B7844 /* STSettingsController.m */ = {isa = PBXFileReference; fileEncoding = 4; lastKnownFileType = sourcecode.c.objc; path = STSettingsController.m; sourceTree = "<group>"; };
		2C749E3F174286FE005B7844 /* STSyncer.h */ = {isa = PBXFileReference; fileEncoding = 4; lastKnownFileType = sourcecode.c.h; path = STSyncer.h; sourceTree = "<group>"; };
		2C749E40174286FE005B7844 /* STSyncer.m */ = {isa = PBXFileReference; fileEncoding = 4; lastKnownFileType = sourcecode.c.objc; path = STSyncer.m; sourceTree = "<group>"; };
		2C749E41174286FE005B7844 /* STLogger.h */ = {isa = PBXFileReference; fileEncoding = 4; lastKnownFileType = sourcecode.c.h; path = STLogger.h; sourceTree = "<group>"; };
		2C749E42174286FE005B7844 /* STLogger.m */ = {isa = PBXFileReference; fileEncoding = 4; lastKnownFileType = sourcecode.c.objc; path = STLogger.m; sourceTree = "<group>"; };
		2C749E43174286FE005B7844 /* STTracker.h */ = {isa = PBXFileReference; fileEncoding = 4; lastKnownFileType = sourcecode.c.h; path = STTracker.h; sourceTree = "<group>"; };
		2C749E44174286FE005B7844 /* STTracker.m */ = {isa = PBXFileReference; fileEncoding = 4; lastKnownFileType = sourcecode.c.objc; path = STTracker.m; sourceTree = "<group>"; };
		2C749E4D1742871B005B7844 /* STDataModel.xcdatamodel */ = {isa = PBXFileReference; lastKnownFileType = wrapper.xcdatamodel; path = STDataModel.xcdatamodel; sourceTree = "<group>"; };
		2C749E561742871B005B7844 /* STDatum+Init.h */ = {isa = PBXFileReference; fileEncoding = 4; lastKnownFileType = sourcecode.c.h; path = "STDatum+Init.h"; sourceTree = "<group>"; };
		2C749E571742871B005B7844 /* STDatum+Init.m */ = {isa = PBXFileReference; fileEncoding = 4; lastKnownFileType = sourcecode.c.objc; path = "STDatum+Init.m"; sourceTree = "<group>"; };
		2C749E581742871B005B7844 /* STLogMessage+dayAsString.h */ = {isa = PBXFileReference; fileEncoding = 4; lastKnownFileType = sourcecode.c.h; path = "STLogMessage+dayAsString.h"; sourceTree = "<group>"; };
		2C749E591742871B005B7844 /* STLogMessage+dayAsString.m */ = {isa = PBXFileReference; fileEncoding = 4; lastKnownFileType = sourcecode.c.objc; path = "STLogMessage+dayAsString.m"; sourceTree = "<group>"; };
		2C749E791742898D005B7844 /* CoreLocation.framework */ = {isa = PBXFileReference; lastKnownFileType = wrapper.framework; name = CoreLocation.framework; path = System/Library/Frameworks/CoreLocation.framework; sourceTree = SDKROOT; };
		2C749E8117436BD6005B7844 /* STBatteryTracker.h */ = {isa = PBXFileReference; fileEncoding = 4; lastKnownFileType = sourcecode.c.h; path = STBatteryTracker.h; sourceTree = "<group>"; };
		2C749E8217436BD6005B7844 /* STBatteryTracker.m */ = {isa = PBXFileReference; fileEncoding = 4; lastKnownFileType = sourcecode.c.objc; path = STBatteryTracker.m; sourceTree = "<group>"; };
		2C749E8717436CA7005B7844 /* STLocationTracker.h */ = {isa = PBXFileReference; fileEncoding = 4; lastKnownFileType = sourcecode.c.h; path = STLocationTracker.h; sourceTree = "<group>"; };
		2C749E8817436CA7005B7844 /* STLocationTracker.m */ = {isa = PBXFileReference; fileEncoding = 4; lastKnownFileType = sourcecode.c.objc; path = STLocationTracker.m; sourceTree = "<group>"; };
		2C7CB71A17491F2C00054E47 /* STQueue.h */ = {isa = PBXFileReference; fileEncoding = 4; lastKnownFileType = sourcecode.c.h; path = STQueue.h; sourceTree = "<group>"; };
		2C7CB71B17491F2C00054E47 /* STQueue.m */ = {isa = PBXFileReference; fileEncoding = 4; lastKnownFileType = sourcecode.c.objc; path = STQueue.m; sourceTree = "<group>"; };
		2C7CB71C17491F2C00054E47 /* STMovementAnalyzer.h */ = {isa = PBXFileReference; fileEncoding = 4; lastKnownFileType = sourcecode.c.h; path = STMovementAnalyzer.h; sourceTree = "<group>"; };
		2C7CB71D17491F2C00054E47 /* STMovementAnalyzer.m */ = {isa = PBXFileReference; fileEncoding = 4; lastKnownFileType = sourcecode.c.objc; path = STMovementAnalyzer.m; sourceTree = "<group>"; };
		2C93A57E1781741B0014001B /* STLogMessage.h */ = {isa = PBXFileReference; fileEncoding = 4; lastKnownFileType = sourcecode.c.h; path = STLogMessage.h; sourceTree = "<group>"; };
		2C93A57F1781741B0014001B /* STLogMessage.m */ = {isa = PBXFileReference; fileEncoding = 4; lastKnownFileType = sourcecode.c.objc; path = STLogMessage.m; sourceTree = "<group>"; };
		2C93A5811781741B0014001B /* STLocation.h */ = {isa = PBXFileReference; fileEncoding = 4; lastKnownFileType = sourcecode.c.h; path = STLocation.h; sourceTree = "<group>"; };
		2C93A5821781741B0014001B /* STLocation.m */ = {isa = PBXFileReference; fileEncoding = 4; lastKnownFileType = sourcecode.c.objc; path = STLocation.m; sourceTree = "<group>"; };
		2C93A5841781741C0014001B /* STSettings.h */ = {isa = PBXFileReference; fileEncoding = 4; lastKnownFileType = sourcecode.c.h; path = STSettings.h; sourceTree = "<group>"; };
		2C93A5851781741C0014001B /* STSettings.m */ = {isa = PBXFileReference; fileEncoding = 4; lastKnownFileType = sourcecode.c.objc; path = STSettings.m; sourceTree = "<group>"; };
		2C93A5871781741C0014001B /* STComment.h */ = {isa = PBXFileReference; fileEncoding = 4; lastKnownFileType = sourcecode.c.h; path = STComment.h; sourceTree = "<group>"; };
		2C93A5881781741C0014001B /* STComment.m */ = {isa = PBXFileReference; fileEncoding = 4; lastKnownFileType = sourcecode.c.objc; path = STComment.m; sourceTree = "<group>"; };
		2C93A58A1781741C0014001B /* STBatteryStatus.h */ = {isa = PBXFileReference; fileEncoding = 4; lastKnownFileType = sourcecode.c.h; path = STBatteryStatus.h; sourceTree = "<group>"; };
		2C93A58B1781741C0014001B /* STBatteryStatus.m */ = {isa = PBXFileReference; fileEncoding = 4; lastKnownFileType = sourcecode.c.objc; path = STBatteryStatus.m; sourceTree = "<group>"; };
		2C93A58D1781741C0014001B /* STDatum.h */ = {isa = PBXFileReference; fileEncoding = 4; lastKnownFileType = sourcecode.c.h; path = STDatum.h; sourceTree = "<group>"; };
		2C93A58E1781741C0014001B /* STDatum.m */ = {isa = PBXFileReference; fileEncoding = 4; lastKnownFileType = sourcecode.c.objc; path = STDatum.m; sourceTree = "<group>"; };
		52A61493CA55442CAD1A0CCA /* Pods.xcconfig */ = {isa = PBXFileReference; includeInIndex = 1; lastKnownFileType = text.xcconfig; name = Pods.xcconfig; path = Pods/Pods.xcconfig; sourceTree = SOURCE_ROOT; };
		F0127E98F1B141FCBFF9097D /* libPods.a */ = {isa = PBXFileReference; explicitFileType = archive.ar; includeInIndex = 0; path = libPods.a; sourceTree = BUILT_PRODUCTS_DIR; };
/* End PBXFileReference section */

/* Begin PBXFrameworksBuildPhase section */
		2C749E08174285F7005B7844 /* Frameworks */ = {
			isa = PBXFrameworksBuildPhase;
			buildActionMask = 2147483647;
			files = (
				2C749E7A1742898D005B7844 /* CoreLocation.framework in Frameworks */,
				2C749E0F174285F7005B7844 /* UIKit.framework in Frameworks */,
				2C749E11174285F7005B7844 /* Foundation.framework in Frameworks */,
				2C749E13174285F7005B7844 /* CoreGraphics.framework in Frameworks */,
				2C749E15174285F7005B7844 /* CoreData.framework in Frameworks */,
				0D7F15D4EDFC43AE88023C43 /* libPods.a in Frameworks */,
			);
			runOnlyForDeploymentPostprocessing = 0;
		};
/* End PBXFrameworksBuildPhase section */

/* Begin PBXGroup section */
		2C749E02174285F7005B7844 = {
			isa = PBXGroup;
			children = (
				2C749E16174285F7005B7844 /* STManagedTracker */,
				2C749E0D174285F7005B7844 /* Frameworks */,
				2C749E0C174285F7005B7844 /* Products */,
				52A61493CA55442CAD1A0CCA /* Pods.xcconfig */,
			);
			sourceTree = "<group>";
		};
		2C749E0C174285F7005B7844 /* Products */ = {
			isa = PBXGroup;
			children = (
				2C749E0B174285F7005B7844 /* STManagedTracker.app */,
			);
			name = Products;
			sourceTree = "<group>";
		};
		2C749E0D174285F7005B7844 /* Frameworks */ = {
			isa = PBXGroup;
			children = (
				2C749E791742898D005B7844 /* CoreLocation.framework */,
				2C749E0E174285F7005B7844 /* UIKit.framework */,
				2C749E10174285F7005B7844 /* Foundation.framework */,
				2C749E12174285F7005B7844 /* CoreGraphics.framework */,
				2C749E14174285F7005B7844 /* CoreData.framework */,
				F0127E98F1B141FCBFF9097D /* libPods.a */,
			);
			name = Frameworks;
			sourceTree = "<group>";
		};
		2C749E16174285F7005B7844 /* STManagedTracker */ = {
			isa = PBXGroup;
			children = (
				2C749E321742864C005B7844 /* Protocols */,
				2C749E311742863E005B7844 /* Classes */,
				2C749E3017428625005B7844 /* DataModel */,
				2C749E1F174285F7005B7844 /* STAppDelegate.h */,
				2C749E20174285F7005B7844 /* STAppDelegate.m */,
				2C749E17174285F7005B7844 /* Supporting Files */,
			);
			path = STManagedTracker;
			sourceTree = "<group>";
		};
		2C749E17174285F7005B7844 /* Supporting Files */ = {
			isa = PBXGroup;
			children = (
				2C749E18174285F7005B7844 /* STManagedTracker-Info.plist */,
				2C749E19174285F7005B7844 /* InfoPlist.strings */,
				2C749E1C174285F7005B7844 /* main.m */,
				2C749E1E174285F7005B7844 /* STManagedTracker-Prefix.pch */,
				2C749E22174285F7005B7844 /* Default.png */,
				2C749E24174285F7005B7844 /* Default@2x.png */,
				2C749E26174285F7005B7844 /* Default-568h@2x.png */,
			);
			name = "Supporting Files";
			sourceTree = "<group>";
		};
		2C749E3017428625005B7844 /* DataModel */ = {
			isa = PBXGroup;
			children = (
				2C93A58D1781741C0014001B /* STDatum.h */,
				2C93A58E1781741C0014001B /* STDatum.m */,
				2C93A58A1781741C0014001B /* STBatteryStatus.h */,
				2C93A58B1781741C0014001B /* STBatteryStatus.m */,
				2C93A5871781741C0014001B /* STComment.h */,
				2C93A5881781741C0014001B /* STComment.m */,
				2C93A5841781741C0014001B /* STSettings.h */,
				2C93A5851781741C0014001B /* STSettings.m */,
				2C93A5811781741B0014001B /* STLocation.h */,
				2C93A5821781741B0014001B /* STLocation.m */,
				2C93A57E1781741B0014001B /* STLogMessage.h */,
				2C93A57F1781741B0014001B /* STLogMessage.m */,
				2C749E4D1742871B005B7844 /* STDataModel.xcdatamodel */,
				2C749E561742871B005B7844 /* STDatum+Init.h */,
				2C749E571742871B005B7844 /* STDatum+Init.m */,
				2C749E581742871B005B7844 /* STLogMessage+dayAsString.h */,
				2C749E591742871B005B7844 /* STLogMessage+dayAsString.m */,
			);
			path = DataModel;
			sourceTree = "<group>";
		};
		2C749E311742863E005B7844 /* Classes */ = {
			isa = PBXGroup;
			children = (
				2C749E35174286FE005B7844 /* STAuthBasic.h */,
				2C749E36174286FE005B7844 /* STAuthBasic.m */,
				2C749E37174286FE005B7844 /* STSessionManager.h */,
				2C749E38174286FE005B7844 /* STSessionManager.m */,
				2C749E39174286FE005B7844 /* STSession.h */,
				2C749E3A174286FE005B7844 /* STSession.m */,
				2C749E3B174286FE005B7844 /* STManagedDocument.h */,
				2C749E3C174286FE005B7844 /* STManagedDocument.m */,
				2C749E3D174286FE005B7844 /* STSettingsController.h */,
				2C749E3E174286FE005B7844 /* STSettingsController.m */,
				2C749E3F174286FE005B7844 /* STSyncer.h */,
				2C749E40174286FE005B7844 /* STSyncer.m */,
				2C749E41174286FE005B7844 /* STLogger.h */,
				2C749E42174286FE005B7844 /* STLogger.m */,
				2C749E43174286FE005B7844 /* STTracker.h */,
				2C749E44174286FE005B7844 /* STTracker.m */,
				2C749E8117436BD6005B7844 /* STBatteryTracker.h */,
				2C749E8217436BD6005B7844 /* STBatteryTracker.m */,
				2C749E8717436CA7005B7844 /* STLocationTracker.h */,
				2C749E8817436CA7005B7844 /* STLocationTracker.m */,
				2C7CB71A17491F2C00054E47 /* STQueue.h */,
				2C7CB71B17491F2C00054E47 /* STQueue.m */,
				2C7CB71C17491F2C00054E47 /* STMovementAnalyzer.h */,
				2C7CB71D17491F2C00054E47 /* STMovementAnalyzer.m */,
			);
			path = Classes;
			sourceTree = "<group>";
		};
		2C749E321742864C005B7844 /* Protocols */ = {
			isa = PBXGroup;
			children = (
				2C749E33174286BC005B7844 /* STRequestAuthenticatable.h */,
				2C749E34174286BC005B7844 /* STSessionManagement.h */,
			);
			path = Protocols;
			sourceTree = "<group>";
		};
/* End PBXGroup section */

/* Begin PBXNativeTarget section */
		2C749E0A174285F7005B7844 /* STManagedTracker */ = {
			isa = PBXNativeTarget;
			buildConfigurationList = 2C749E2D174285F7005B7844 /* Build configuration list for PBXNativeTarget "STManagedTracker" */;
			buildPhases = (
				D485A9F5C55B44FE978D7CAB /* Check Pods Manifest.lock */,
				2C749E07174285F7005B7844 /* Sources */,
				2C749E08174285F7005B7844 /* Frameworks */,
				2C749E09174285F7005B7844 /* Resources */,
				4A31E0BE678C406499CC0DBC /* Copy Pods Resources */,
			);
			buildRules = (
			);
			dependencies = (
			);
			name = STManagedTracker;
			productName = STManagedTracker;
			productReference = 2C749E0B174285F7005B7844 /* STManagedTracker.app */;
			productType = "com.apple.product-type.application";
		};
/* End PBXNativeTarget section */

/* Begin PBXProject section */
		2C749E03174285F7005B7844 /* Project object */ = {
			isa = PBXProject;
			attributes = {
				CLASSPREFIX = ST;
				LastUpgradeCheck = 0460;
				ORGANIZATIONNAME = "Maxim Grigoriev";
			};
			buildConfigurationList = 2C749E06174285F7005B7844 /* Build configuration list for PBXProject "STManagedTracker" */;
			compatibilityVersion = "Xcode 3.2";
			developmentRegion = English;
			hasScannedForEncodings = 0;
			knownRegions = (
				en,
			);
			mainGroup = 2C749E02174285F7005B7844;
			productRefGroup = 2C749E0C174285F7005B7844 /* Products */;
			projectDirPath = "";
			projectRoot = "";
			targets = (
				2C749E0A174285F7005B7844 /* STManagedTracker */,
			);
		};
/* End PBXProject section */

/* Begin PBXResourcesBuildPhase section */
		2C749E09174285F7005B7844 /* Resources */ = {
			isa = PBXResourcesBuildPhase;
			buildActionMask = 2147483647;
			files = (
				2C749E1B174285F7005B7844 /* InfoPlist.strings in Resources */,
				2C749E23174285F7005B7844 /* Default.png in Resources */,
				2C749E25174285F7005B7844 /* Default@2x.png in Resources */,
				2C749E27174285F7005B7844 /* Default-568h@2x.png in Resources */,
			);
			runOnlyForDeploymentPostprocessing = 0;
		};
/* End PBXResourcesBuildPhase section */

/* Begin PBXShellScriptBuildPhase section */
		4A31E0BE678C406499CC0DBC /* Copy Pods Resources */ = {
			isa = PBXShellScriptBuildPhase;
			buildActionMask = 2147483647;
			files = (
			);
			inputPaths = (
			);
			name = "Copy Pods Resources";
			outputPaths = (
			);
			runOnlyForDeploymentPostprocessing = 0;
			shellPath = /bin/sh;
			shellScript = "\"${SRCROOT}/Pods/Pods-resources.sh\"\n";
		};
		D485A9F5C55B44FE978D7CAB /* Check Pods Manifest.lock */ = {
			isa = PBXShellScriptBuildPhase;
			buildActionMask = 2147483647;
			files = (
			);
			inputPaths = (
			);
			name = "Check Pods Manifest.lock";
			outputPaths = (
			);
			runOnlyForDeploymentPostprocessing = 0;
			shellPath = /bin/sh;
			shellScript = "diff \"${PODS_ROOT}/../Podfile.lock\" \"${PODS_ROOT}/Manifest.lock\" > /dev/null\nif [[ $? != 0 ]] ; then\n    cat << EOM\nerror: The sanbox is not in sync with the Podfile.lock. Run 'pod install'.\nEOM\n    exit 1\nfi\n";
		};
/* End PBXShellScriptBuildPhase section */

/* Begin PBXSourcesBuildPhase section */
		2C749E07174285F7005B7844 /* Sources */ = {
			isa = PBXSourcesBuildPhase;
			buildActionMask = 2147483647;
			files = (
				2C749E1D174285F7005B7844 /* main.m in Sources */,
				2C749E21174285F7005B7844 /* STAppDelegate.m in Sources */,
				2C749E45174286FE005B7844 /* STAuthBasic.m in Sources */,
				2C749E46174286FE005B7844 /* STSessionManager.m in Sources */,
				2C749E47174286FE005B7844 /* STSession.m in Sources */,
				2C749E48174286FE005B7844 /* STManagedDocument.m in Sources */,
				2C749E49174286FE005B7844 /* STSettingsController.m in Sources */,
				2C749E4A174286FE005B7844 /* STSyncer.m in Sources */,
				2C749E4B174286FF005B7844 /* STLogger.m in Sources */,
				2C749E4C174286FF005B7844 /* STTracker.m in Sources */,
				2C749E5A1742871B005B7844 /* STDataModel.xcdatamodel in Sources */,
				2C749E5F1742871B005B7844 /* STDatum+Init.m in Sources */,
				2C749E601742871B005B7844 /* STLogMessage+dayAsString.m in Sources */,
				2C749E8317436BD6005B7844 /* STBatteryTracker.m in Sources */,
				2C749E8917436CA7005B7844 /* STLocationTracker.m in Sources */,
				2C7CB71E17491F2C00054E47 /* STQueue.m in Sources */,
				2C7CB71F17491F2C00054E47 /* STMovementAnalyzer.m in Sources */,
				2C93A5801781741B0014001B /* STLogMessage.m in Sources */,
				2C93A5831781741B0014001B /* STLocation.m in Sources */,
				2C93A5861781741C0014001B /* STSettings.m in Sources */,
				2C93A5891781741C0014001B /* STComment.m in Sources */,
				2C93A58C1781741C0014001B /* STBatteryStatus.m in Sources */,
				2C93A58F1781741C0014001B /* STDatum.m in Sources */,
			);
			runOnlyForDeploymentPostprocessing = 0;
		};
/* End PBXSourcesBuildPhase section */

/* Begin PBXVariantGroup section */
		2C749E19174285F7005B7844 /* InfoPlist.strings */ = {
			isa = PBXVariantGroup;
			children = (
				2C749E1A174285F7005B7844 /* en */,
			);
			name = InfoPlist.strings;
			sourceTree = "<group>";
		};
/* End PBXVariantGroup section */

/* Begin XCBuildConfiguration section */
		2C749E2B174285F7005B7844 /* Debug */ = {
			isa = XCBuildConfiguration;
			buildSettings = {
				ALWAYS_SEARCH_USER_PATHS = NO;
				CLANG_CXX_LANGUAGE_STANDARD = "gnu++0x";
				CLANG_CXX_LIBRARY = "libc++";
				CLANG_ENABLE_OBJC_ARC = YES;
				CLANG_WARN_CONSTANT_CONVERSION = YES;
				CLANG_WARN_EMPTY_BODY = YES;
				CLANG_WARN_ENUM_CONVERSION = YES;
				CLANG_WARN_INT_CONVERSION = YES;
				CLANG_WARN__DUPLICATE_METHOD_MATCH = YES;
				"CODE_SIGN_IDENTITY[sdk=iphoneos*]" = "iPhone Developer";
				COPY_PHASE_STRIP = NO;
				GCC_C_LANGUAGE_STANDARD = gnu99;
				GCC_DYNAMIC_NO_PIC = NO;
				GCC_OPTIMIZATION_LEVEL = 0;
				GCC_PREPROCESSOR_DEFINITIONS = (
					"DEBUG=1",
					"$(inherited)",
				);
				GCC_SYMBOLS_PRIVATE_EXTERN = NO;
				GCC_WARN_ABOUT_RETURN_TYPE = YES;
				GCC_WARN_UNINITIALIZED_AUTOS = YES;
				GCC_WARN_UNUSED_VARIABLE = YES;
				IPHONEOS_DEPLOYMENT_TARGET = 6.1;
				ONLY_ACTIVE_ARCH = YES;
				SDKROOT = iphoneos;
				TARGETED_DEVICE_FAMILY = "1,2";
			};
			name = Debug;
		};
		2C749E2C174285F7005B7844 /* Release */ = {
			isa = XCBuildConfiguration;
			buildSettings = {
				ALWAYS_SEARCH_USER_PATHS = NO;
				CLANG_CXX_LANGUAGE_STANDARD = "gnu++0x";
				CLANG_CXX_LIBRARY = "libc++";
				CLANG_ENABLE_OBJC_ARC = YES;
				CLANG_WARN_CONSTANT_CONVERSION = YES;
				CLANG_WARN_EMPTY_BODY = YES;
				CLANG_WARN_ENUM_CONVERSION = YES;
				CLANG_WARN_INT_CONVERSION = YES;
				CLANG_WARN__DUPLICATE_METHOD_MATCH = YES;
				"CODE_SIGN_IDENTITY[sdk=iphoneos*]" = "iPhone Developer";
				COPY_PHASE_STRIP = YES;
				GCC_C_LANGUAGE_STANDARD = gnu99;
				GCC_WARN_ABOUT_RETURN_TYPE = YES;
				GCC_WARN_UNINITIALIZED_AUTOS = YES;
				GCC_WARN_UNUSED_VARIABLE = YES;
				IPHONEOS_DEPLOYMENT_TARGET = 6.1;
				OTHER_CFLAGS = "-DNS_BLOCK_ASSERTIONS=1";
				SDKROOT = iphoneos;
				TARGETED_DEVICE_FAMILY = "1,2";
				VALIDATE_PRODUCT = YES;
			};
			name = Release;
		};
		2C749E2E174285F7005B7844 /* Debug */ = {
			isa = XCBuildConfiguration;
			baseConfigurationReference = 52A61493CA55442CAD1A0CCA /* Pods.xcconfig */;
			buildSettings = {
				GCC_PRECOMPILE_PREFIX_HEADER = YES;
				GCC_PREFIX_HEADER = "STManagedTracker/STManagedTracker-Prefix.pch";
				INFOPLIST_FILE = "STManagedTracker/STManagedTracker-Info.plist";
				PRODUCT_NAME = "$(TARGET_NAME)";
				WRAPPER_EXTENSION = app;
			};
			name = Debug;
		};
		2C749E2F174285F7005B7844 /* Release */ = {
			isa = XCBuildConfiguration;
			baseConfigurationReference = 52A61493CA55442CAD1A0CCA /* Pods.xcconfig */;
			buildSettings = {
				GCC_PRECOMPILE_PREFIX_HEADER = YES;
				GCC_PREFIX_HEADER = "STManagedTracker/STManagedTracker-Prefix.pch";
				INFOPLIST_FILE = "STManagedTracker/STManagedTracker-Info.plist";
				PRODUCT_NAME = "$(TARGET_NAME)";
				WRAPPER_EXTENSION = app;
			};
			name = Release;
		};
/* End XCBuildConfiguration section */

/* Begin XCConfigurationList section */
		2C749E06174285F7005B7844 /* Build configuration list for PBXProject "STManagedTracker" */ = {
			isa = XCConfigurationList;
			buildConfigurations = (
				2C749E2B174285F7005B7844 /* Debug */,
				2C749E2C174285F7005B7844 /* Release */,
			);
			defaultConfigurationIsVisible = 0;
			defaultConfigurationName = Release;
		};
		2C749E2D174285F7005B7844 /* Build configuration list for PBXNativeTarget "STManagedTracker" */ = {
			isa = XCConfigurationList;
			buildConfigurations = (
				2C749E2E174285F7005B7844 /* Debug */,
				2C749E2F174285F7005B7844 /* Release */,
			);
			defaultConfigurationIsVisible = 0;
			defaultConfigurationName = Release;
		};
/* End XCConfigurationList section */
	};
	rootObject = 2C749E03174285F7005B7844 /* Project object */;
}
